
Microsoft Visual Studio Solution File, Format Version 12.00
# Visual Studio Version 16
VisualStudioVersion = 16.0.31515.178
MinimumVisualStudioVersion = 10.0.40219.1
Project("{888888A0-9F3D-457C-B088-3A5042F75D52}") = "Invoice Line Item Calculator", "Invoice Line Item Calculator.pyproj", "{C162C33B-35B9-43E8-90E6-53C3088293C2}"
EndProject
Global
	GlobalSection(SolutionConfigurationPlatforms) = preSolution
		Debug|Any CPU = Debug|Any CPU
		Release|Any CPU = Release|Any CPU
	EndGlobalSection
	GlobalSection(ProjectConfigurationPlatforms) = postSolution
		{C162C33B-35B9-43E8-90E6-53C3088293C2}.Debug|Any CPU.ActiveCfg = Debug|Any CPU
		{C162C33B-35B9-43E8-90E6-53C3088293C2}.Release|Any CPU.ActiveCfg = Release|Any CPU
	EndGlobalSection
	GlobalSection(SolutionProperties) = preSolution
		HideSolutionNode = FALSE
	EndGlobalSection
	GlobalSection(ExtensibilityGlobals) = postSolution
		SolutionGuid = {8CC83F4C-A230-40EF-AB9F-D891A6AEFEB0}
	EndGlobalSection
EndGlobal
